Microsoft Visual Studio Solution File, Format Version 8.00
Project("{8BC9CEB8-8B4A-11D0-8D11-00A0C91BC942}") = "ClassGen", "ClassGen\ClassGen.vcproj", "{87D352CB-42BE-4FFF-B98A-F435A6D9C329}"
	ProjectSection(ProjectDependencies) = postProject
		{BD32FFD4-7F49-471D-8435-53443A5F6F90} = {BD32FFD4-7F49-471D-8435-53443A5F6F90}
	EndProjectSection
EndProject
Project("{8BC9CEB8-8B4A-11D0-8D11-00A0C91BC942}") = "Wcl", "wcl\Wcl.vcproj", "{BD32FFD4-7F49-471D-8435-53443A5F6F90}"
	ProjectSection(ProjectDependencies) = postProject
	EndProjectSection
EndProject
Project("{8BC9CEB8-8B4A-11D0-8D11-00A0C91BC942}") = "Core", "Lib\Core\Core.vcproj", "{0B095FEF-2586-4073-A9FC-486881645B14}"
	ProjectSection(ProjectDependencies) = postProject
	EndProjectSection
EndProject
Global
	GlobalSection(SourceCodeControl) = preSolution
		SccNumberOfProjects = 3
		SccLocalPath0 = .
		CanCheckoutShared = true
		SolutionUniqueID = {FD0FE997-5E59-4080-8D93-1B0AE66E3AC2}
		SccProjectUniqueName1 = ClassGen\\ClassGen.vcproj
		SccProjectName1 = \u0022$/Win32/ClassGen\u0022,\u0020CNCAAAAA
		SccLocalPath1 = ClassGen
		CanCheckoutShared = true
		SccProjectUniqueName2 = wcl\\Wcl.vcproj
		SccProjectName2 = \u0022$/Win32/Wcl\u0022,\u0020UAAAAAAA
		SccLocalPath2 = wcl
		CanCheckoutShared = true
	EndGlobalSection
	GlobalSection(SolutionConfiguration) = preSolution
		Debug = Debug
		Release = Release
	EndGlobalSection
	GlobalSection(ProjectConfiguration) = postSolution
		{87D352CB-42BE-4FFF-B98A-F435A6D9C329}.Debug.ActiveCfg = Debug|Win32
		{87D352CB-42BE-4FFF-B98A-F435A6D9C329}.Debug.Build.0 = Debug|Win32
		{87D352CB-42BE-4FFF-B98A-F435A6D9C329}.Release.ActiveCfg = Release|Win32
		{87D352CB-42BE-4FFF-B98A-F435A6D9C329}.Release.Build.0 = Release|Win32
		{BD32FFD4-7F49-471D-8435-53443A5F6F90}.Debug.ActiveCfg = Debug|Win32
		{BD32FFD4-7F49-471D-8435-53443A5F6F90}.Debug.Build.0 = Debug|Win32
		{BD32FFD4-7F49-471D-8435-53443A5F6F90}.Release.ActiveCfg = Release|Win32
		{BD32FFD4-7F49-471D-8435-53443A5F6F90}.Release.Build.0 = Release|Win32
		{0B095FEF-2586-4073-A9FC-486881645B14}.Debug.ActiveCfg = Debug|Win32
		{0B095FEF-2586-4073-A9FC-486881645B14}.Debug.Build.0 = Debug|Win32
		{0B095FEF-2586-4073-A9FC-486881645B14}.Release.ActiveCfg = Release|Win32
		{0B095FEF-2586-4073-A9FC-486881645B14}.Release.Build.0 = Release|Win32
	EndGlobalSection
	GlobalSection(ExtensibilityGlobals) = postSolution
	EndGlobalSection
	GlobalSection(ExtensibilityAddIns) = postSolution
	EndGlobalSection
	GlobalSection(DPCodeReviewSolutionGUID) = preSolution
		DPCodeReviewSolutionGUID = {00000000-0000-0000-0000-000000000000}
	EndGlobalSection
EndGlobal
