Microsoft Visual Studio Solution File, Format Version 8.00
Project("{8BC9CEB8-8B4A-11D0-8D11-00A0C91BC942}") = "MkSetup", "MkSetup\MkSetup.vcproj", "{5344202D-AE96-4006-A03E-E8FEFF17D736}"
	ProjectSection(ProjectDependencies) = postProject
		{C54C8C8D-7443-4733-A7E8-B38CE6BA6D1C} = {C54C8C8D-7443-4733-A7E8-B38CE6BA6D1C}
	EndProjectSection
EndProject
Project("{8BC9CEB8-8B4A-11D0-8D11-00A0C91BC942}") = "Setup", "setup\Setup.vcproj", "{2928AEA9-D7A7-48F3-9F72-8E36E685A913}"
	ProjectSection(ProjectDependencies) = postProject
		{C54C8C8D-7443-4733-A7E8-B38CE6BA6D1C} = {C54C8C8D-7443-4733-A7E8-B38CE6BA6D1C}
	EndProjectSection
EndProject
Project("{8BC9CEB8-8B4A-11D0-8D11-00A0C91BC942}") = "Wcl", "wcl\Wcl.vcproj", "{C54C8C8D-7443-4733-A7E8-B38CE6BA6D1C}"
	ProjectSection(ProjectDependencies) = postProject
	EndProjectSection
EndProject
Project("{8BC9CEB8-8B4A-11D0-8D11-00A0C91BC942}") = "Core", "Lib\Core\Core.vcproj", "{0B095FEF-2586-4073-A9FC-486881645B14}"
	ProjectSection(ProjectDependencies) = postProject
	EndProjectSection
EndProject
Global
	GlobalSection(SourceCodeControl) = preSolution
		SccNumberOfProjects = 5
		SccLocalPath0 = .
		CanCheckoutShared = true
		SolutionUniqueID = {91C2E70E-32BA-4936-AF4B-E1A61191BDE4}
		SccProjectUniqueName1 = MkSetup\\MkSetup.vcproj
		SccProjectName1 = \u0022$/Win32/MkSetup\u0022,\u0020YLDAAAAA
		SccLocalPath1 = MkSetup
		CanCheckoutShared = true
		SccProjectUniqueName2 = setup\\Setup.vcproj
		SccProjectName2 = \u0022$/Win32/Setup\u0022,\u0020IIDAAAAA
		SccLocalPath2 = setup
		CanCheckoutShared = true
		SccProjectUniqueName3 = wcl\\Wcl.vcproj
		SccProjectName3 = \u0022$/Win32/Wcl\u0022,\u0020UAAAAAAA
		SccLocalPath3 = wcl
		CanCheckoutShared = true
		SccProjectUniqueName4 = Lib\\Core\\Core.vcproj
		SccProjectName4 = \u0022$/Win32/Lib/Core\u0022,\u0020QWDAAAAA
		SccLocalPath4 = Lib\\Core
		CanCheckoutShared = true
	EndGlobalSection
	GlobalSection(SolutionConfiguration) = preSolution
		Debug = Debug
		Release = Release
	EndGlobalSection
	GlobalSection(ProjectDependencies) = postSolution
	EndGlobalSection
	GlobalSection(ProjectConfiguration) = postSolution
		{5344202D-AE96-4006-A03E-E8FEFF17D736}.Debug.ActiveCfg = Debug|Win32
		{5344202D-AE96-4006-A03E-E8FEFF17D736}.Debug.Build.0 = Debug|Win32
		{5344202D-AE96-4006-A03E-E8FEFF17D736}.Release.ActiveCfg = Release|Win32
		{5344202D-AE96-4006-A03E-E8FEFF17D736}.Release.Build.0 = Release|Win32
		{2928AEA9-D7A7-48F3-9F72-8E36E685A913}.Debug.ActiveCfg = Debug|Win32
		{2928AEA9-D7A7-48F3-9F72-8E36E685A913}.Debug.Build.0 = Debug|Win32
		{2928AEA9-D7A7-48F3-9F72-8E36E685A913}.Release.ActiveCfg = Release|Win32
		{2928AEA9-D7A7-48F3-9F72-8E36E685A913}.Release.Build.0 = Release|Win32
		{C54C8C8D-7443-4733-A7E8-B38CE6BA6D1C}.Debug.ActiveCfg = Debug|Win32
		{C54C8C8D-7443-4733-A7E8-B38CE6BA6D1C}.Debug.Build.0 = Debug|Win32
		{C54C8C8D-7443-4733-A7E8-B38CE6BA6D1C}.Release.ActiveCfg = Release|Win32
		{C54C8C8D-7443-4733-A7E8-B38CE6BA6D1C}.Release.Build.0 = Release|Win32
		{0B095FEF-2586-4073-A9FC-486881645B14}.Debug.ActiveCfg = Debug|Win32
		{0B095FEF-2586-4073-A9FC-486881645B14}.Debug.Build.0 = Debug|Win32
		{0B095FEF-2586-4073-A9FC-486881645B14}.Release.ActiveCfg = Release|Win32
		{0B095FEF-2586-4073-A9FC-486881645B14}.Release.Build.0 = Release|Win32
	EndGlobalSection
	GlobalSection(ExtensibilityGlobals) = postSolution
	EndGlobalSection
	GlobalSection(ExtensibilityAddIns) = postSolution
	EndGlobalSection
	GlobalSection(DPCodeReviewSolutionGUID) = preSolution
		DPCodeReviewSolutionGUID = {00000000-0000-0000-0000-000000000000}
	EndGlobalSection
EndGlobal
