Microsoft Visual Studio Solution File, Format Version 8.00
Project("{8BC9CEB8-8B4A-11D0-8D11-00A0C91BC942}") = "NCL", "NCL\NCL.vcproj", "{D9573581-F97E-469C-BCA0-9A6702DB9286}"
	ProjectSection(ProjectDependencies) = postProject
	EndProjectSection
EndProject
Project("{8BC9CEB8-8B4A-11D0-8D11-00A0C91BC942}") = "SockTrace", "SockTrace\SockTrace.vcproj", "{A10BA056-90FE-4CE2-AE66-63750024FAF3}"
	ProjectSection(ProjectDependencies) = postProject
		{D9573581-F97E-469C-BCA0-9A6702DB9286} = {D9573581-F97E-469C-BCA0-9A6702DB9286}
		{10366282-0A86-44F0-8730-6BDD79CC03AF} = {10366282-0A86-44F0-8730-6BDD79CC03AF}
	EndProjectSection
EndProject
Project("{8BC9CEB8-8B4A-11D0-8D11-00A0C91BC942}") = "Wcl", "WCL\Wcl.vcproj", "{10366282-0A86-44F0-8730-6BDD79CC03AF}"
	ProjectSection(ProjectDependencies) = postProject
	EndProjectSection
EndProject
Global
	GlobalSection(DPCodeReviewSolutionGUID) = preSolution
		DPCodeReviewSolutionGUID = {00000000-0000-0000-0000-000000000000}
	EndGlobalSection
	GlobalSection(SourceCodeControl) = preSolution
		SccNumberOfProjects = 4
		SccProjectUniqueName0 = NCL\\NCL.vcproj
		SccProjectName0 = \u0022$/Win32/NCL\u0022,\u0020JRCAAAAA
		SccLocalPath0 = NCL
		CanCheckoutShared = true
		SccProjectUniqueName1 = SockTrace\\SockTrace.vcproj
		SccProjectName1 = \u0022$/Win32/SockTrace\u0022,\u0020EADAAAAA
		SccLocalPath1 = SockTrace
		CanCheckoutShared = true
		SccProjectUniqueName2 = WCL\\Wcl.vcproj
		SccProjectName2 = \u0022$/Win32/Wcl\u0022,\u0020UAAAAAAA
		SccLocalPath2 = WCL
		CanCheckoutShared = true
		SccLocalPath3 = .
		CanCheckoutShared = true
		SolutionUniqueID = {EA10927E-ADFF-42B2-AC1D-5F36FFC0955E}
	EndGlobalSection
	GlobalSection(SolutionConfiguration) = preSolution
		Debug = Debug
		Release = Release
	EndGlobalSection
	GlobalSection(ProjectConfiguration) = postSolution
		{D9573581-F97E-469C-BCA0-9A6702DB9286}.Debug.ActiveCfg = Debug|Win32
		{D9573581-F97E-469C-BCA0-9A6702DB9286}.Debug.Build.0 = Debug|Win32
		{D9573581-F97E-469C-BCA0-9A6702DB9286}.Release.ActiveCfg = Release|Win32
		{D9573581-F97E-469C-BCA0-9A6702DB9286}.Release.Build.0 = Release|Win32
		{A10BA056-90FE-4CE2-AE66-63750024FAF3}.Debug.ActiveCfg = Debug|Win32
		{A10BA056-90FE-4CE2-AE66-63750024FAF3}.Debug.Build.0 = Debug|Win32
		{A10BA056-90FE-4CE2-AE66-63750024FAF3}.Release.ActiveCfg = Release|Win32
		{A10BA056-90FE-4CE2-AE66-63750024FAF3}.Release.Build.0 = Release|Win32
		{10366282-0A86-44F0-8730-6BDD79CC03AF}.Debug.ActiveCfg = Debug|Win32
		{10366282-0A86-44F0-8730-6BDD79CC03AF}.Debug.Build.0 = Debug|Win32
		{10366282-0A86-44F0-8730-6BDD79CC03AF}.Release.ActiveCfg = Release|Win32
		{10366282-0A86-44F0-8730-6BDD79CC03AF}.Release.Build.0 = Release|Win32
	EndGlobalSection
	GlobalSection(ExtensibilityGlobals) = postSolution
	EndGlobalSection
	GlobalSection(ExtensibilityAddIns) = postSolution
	EndGlobalSection
EndGlobal
