Microsoft Visual Studio Solution File, Format Version 8.00
Project("{8BC9CEB8-8B4A-11D0-8D11-00A0C91BC942}") = "MDBL", "MDBL\MDBL.vcproj", "{821794FF-E200-475D-8C05-E68F87E29CBD}"
	ProjectSection(ProjectDependencies) = postProject
		{8DA8BCB1-DC42-46F0-BF57-AF6260386D2F} = {8DA8BCB1-DC42-46F0-BF57-AF6260386D2F}
	EndProjectSection
EndProject
Project("{8BC9CEB8-8B4A-11D0-8D11-00A0C91BC942}") = "NCL", "NCL\NCL.vcproj", "{73409F1F-0D6C-4291-B17B-57F61D2F2227}"
	ProjectSection(ProjectDependencies) = postProject
		{8DA8BCB1-DC42-46F0-BF57-AF6260386D2F} = {8DA8BCB1-DC42-46F0-BF57-AF6260386D2F}
	EndProjectSection
EndProject
Project("{8BC9CEB8-8B4A-11D0-8D11-00A0C91BC942}") = "UTSvrBrowser", "UTSvrBrowser\UTSvrBrowser.vcproj", "{320A407B-ED04-4C79-AEC0-3FA2076105D7}"
	ProjectSection(ProjectDependencies) = postProject
		{8DA8BCB1-DC42-46F0-BF57-AF6260386D2F} = {8DA8BCB1-DC42-46F0-BF57-AF6260386D2F}
		{73409F1F-0D6C-4291-B17B-57F61D2F2227} = {73409F1F-0D6C-4291-B17B-57F61D2F2227}
		{821794FF-E200-475D-8C05-E68F87E29CBD} = {821794FF-E200-475D-8C05-E68F87E29CBD}
	EndProjectSection
EndProject
Project("{8BC9CEB8-8B4A-11D0-8D11-00A0C91BC942}") = "Wcl", "WCL\Wcl.vcproj", "{8DA8BCB1-DC42-46F0-BF57-AF6260386D2F}"
	ProjectSection(ProjectDependencies) = postProject
	EndProjectSection
EndProject
Global
	GlobalSection(DPCodeReviewSolutionGUID) = preSolution
		DPCodeReviewSolutionGUID = {00000000-0000-0000-0000-000000000000}
	EndGlobalSection
	GlobalSection(SourceCodeControl) = preSolution
		SccNumberOfProjects = 4
		SccProjectUniqueName0 = MDBL\\MDBL.vcproj
		SccProjectName0 = \u0022$/Win32/MDBL\u0022,\u0020OAAAAAAA
		SccLocalPath0 = MDBL
		SccProvider0 = MSSCCI:Microsoft\u0020Visual\u0020SourceSafe
		CanCheckoutShared = true
		SccProjectUniqueName1 = NCL\\NCL.vcproj
		SccProjectName1 = \u0022$/Win32/NCL\u0022,\u0020JRCAAAAA
		SccLocalPath1 = NCL
		SccProvider1 = MSSCCI:Microsoft\u0020Visual\u0020SourceSafe
		CanCheckoutShared = true
		SccProjectUniqueName2 = UTSvrBrowser\\UTSvrBrowser.vcproj
		SccProjectName2 = \u0022$/Win32/UTSvrBrowser\u0022,\u0020FADAAAAA
		SccLocalPath2 = UTSvrBrowser
		SccProvider2 = MSSCCI:Microsoft\u0020Visual\u0020SourceSafe
		CanCheckoutShared = true
		SccProjectUniqueName3 = WCL\\Wcl.vcproj
		SccProjectName3 = \u0022$/Win32/Wcl\u0022,\u0020UAAAAAAA
		SccLocalPath3 = WCL
		SccProvider3 = MSSCCI:Microsoft\u0020Visual\u0020SourceSafe
		CanCheckoutShared = true
	EndGlobalSection
	GlobalSection(SolutionConfiguration) = preSolution
		Debug = Debug
		Release = Release
	EndGlobalSection
	GlobalSection(ProjectConfiguration) = postSolution
		{821794FF-E200-475D-8C05-E68F87E29CBD}.Debug.ActiveCfg = Debug|Win32
		{821794FF-E200-475D-8C05-E68F87E29CBD}.Debug.Build.0 = Debug|Win32
		{821794FF-E200-475D-8C05-E68F87E29CBD}.Release.ActiveCfg = Release|Win32
		{821794FF-E200-475D-8C05-E68F87E29CBD}.Release.Build.0 = Release|Win32
		{73409F1F-0D6C-4291-B17B-57F61D2F2227}.Debug.ActiveCfg = Debug|Win32
		{73409F1F-0D6C-4291-B17B-57F61D2F2227}.Debug.Build.0 = Debug|Win32
		{73409F1F-0D6C-4291-B17B-57F61D2F2227}.Release.ActiveCfg = Release|Win32
		{73409F1F-0D6C-4291-B17B-57F61D2F2227}.Release.Build.0 = Release|Win32
		{320A407B-ED04-4C79-AEC0-3FA2076105D7}.Debug.ActiveCfg = Debug|Win32
		{320A407B-ED04-4C79-AEC0-3FA2076105D7}.Debug.Build.0 = Debug|Win32
		{320A407B-ED04-4C79-AEC0-3FA2076105D7}.Release.ActiveCfg = Release|Win32
		{320A407B-ED04-4C79-AEC0-3FA2076105D7}.Release.Build.0 = Release|Win32
		{8DA8BCB1-DC42-46F0-BF57-AF6260386D2F}.Debug.ActiveCfg = Debug|Win32
		{8DA8BCB1-DC42-46F0-BF57-AF6260386D2F}.Debug.Build.0 = Debug|Win32
		{8DA8BCB1-DC42-46F0-BF57-AF6260386D2F}.Release.ActiveCfg = Release|Win32
		{8DA8BCB1-DC42-46F0-BF57-AF6260386D2F}.Release.Build.0 = Release|Win32
	EndGlobalSection
	GlobalSection(ExtensibilityGlobals) = postSolution
	EndGlobalSection
	GlobalSection(ExtensibilityAddIns) = postSolution
	EndGlobalSection
EndGlobal
